PODS:
  - Flutter (1.0.0)
  - razorpay-pod (1.4.0)
  - razorpay_web (1.1.10):
    - Flutter
    - razorpay-pod

DEPENDENCIES:
  - Flutter (from `Flutter`)
  - razorpay_web (from `.symlinks/plugins/razorpay_web/ios`)

SPEC REPOS:
  trunk:
    - razorpay-pod

EXTERNAL SOURCES:
  Flutter:
    :path: Flutter
  razorpay_web:
    :path: ".symlinks/plugins/razorpay_web/ios"

SPEC CHECKSUMS:
  Flutter: e0871f40cf51350855a761d2e70bf5af5b9b5de7
  razorpay-pod: cb5b5439697bdda9c57d68a92b3e5b0ce1d2f2f3
  razorpay_web: 4338051683c7e262b1defcf27c29d121ad7049d4

PODFILE CHECKSUM: 251cb053df7158f337c0712f2ab29f4e0fa474ce

COCOAPODS: 1.16.2
